
Microsoft Visual Studio Solution File, Format Version 12.00
# Visual Studio Version 17
VisualStudioVersion = 17.5.002.0
MinimumVisualStudioVersion = 10.0.40219.1
Project("{2150E333-8FDC-42A3-9474-1A3956D46DE8}") = "csharp-prep", "csharp-prep", "{2E662EF3-6DD0-43A6-9210-5F9EB593E3FE}"
EndProject
Project("{9A19103F-16F7-4668-BE54-9A1E7A4F7556}") = "Prep1", "csharp-prep\Prep1\Prep1.csproj", "{8207D987-D293-4118-A311-E038A3201A09}"
EndProject
Project("{9A19103F-16F7-4668-BE54-9A1E7A4F7556}") = "Prep2", "csharp-prep\Prep2\Prep2.csproj", "{8BC13AAF-6E27-4963-BC66-556662E591FA}"
EndProject
Project("{9A19103F-16F7-4668-BE54-9A1E7A4F7556}") = "Prep3", "csharp-prep\Prep3\Prep3.csproj", "{4B97B4A6-C007-477C-9124-19796919A8A1}"
EndProject
Project("{9A19103F-16F7-4668-BE54-9A1E7A4F7556}") = "Prep4", "csharp-prep\Prep4\Prep4.csproj", "{AE184AE2-8AE2-4EE5-9349-1DDA8FA4246A}"
EndProject
Project("{9A19103F-16F7-4668-BE54-9A1E7A4F7556}") = "Prep5", "csharp-prep\Prep5\Prep5.csproj", "{01BC767F-B2BA-4E7F-A002-5E483EEB053C}"
EndProject
Project("{2150E333-8FDC-42A3-9474-1A3956D46DE8}") = "final", "final", "{2569B018-6FDF-4297-97A2-358999AB7309}"
EndProject
Project("{9A19103F-16F7-4668-BE54-9A1E7A4F7556}") = "FinalProject", "final\FinalProject\FinalProject.csproj", "{0BB60689-372D-4C2C-A664-13C215D7AFB7}"
EndProject
Project("{9A19103F-16F7-4668-BE54-9A1E7A4F7556}") = "Foundation1", "final\Foundation1\Foundation1.csproj", "{75B2D81F-83E8-432F-9E34-2FE3F638016E}"
EndProject
Project("{9A19103F-16F7-4668-BE54-9A1E7A4F7556}") = "Foundation2", "final\Foundation2\Foundation2.csproj", "{1412EF92-3CF0-4475-BF2D-BA177486AFA6}"
EndProject
Project("{9A19103F-16F7-4668-BE54-9A1E7A4F7556}") = "Foundation3", "final\Foundation3\Foundation3.csproj", "{2E0D426F-291C-4696-9260-EE32B5A508BC}"
EndProject
Project("{9A19103F-16F7-4668-BE54-9A1E7A4F7556}") = "Foundation4", "final\Foundation4\Foundation4.csproj", "{7C37CE77-D0F0-4FD7-8C36-CDB0B8EA2197}"
EndProject
Project("{2150E333-8FDC-42A3-9474-1A3956D46DE8}") = "prepare", "prepare", "{DF2CD49C-D1E3-4F88-9BB5-AD6FF3150759}"
EndProject
Project("{9A19103F-16F7-4668-BE54-9A1E7A4F7556}") = "Learning02", "prepare\Learning02\Learning02.csproj", "{BC1A8B9D-BEA2-47E0-91C9-163464124C4C}"
EndProject
Project("{9A19103F-16F7-4668-BE54-9A1E7A4F7556}") = "Learning03", "prepare\Learning03\Learning03.csproj", "{9FA20E1A-8413-4667-BFF0-B504F28F3B1B}"
EndProject
Project("{9A19103F-16F7-4668-BE54-9A1E7A4F7556}") = "Learning04", "prepare\Learning04\Learning04.csproj", "{A3D65D2C-C857-49D9-8B79-48DA64D8CAFB}"
EndProject
Project("{9A19103F-16F7-4668-BE54-9A1E7A4F7556}") = "Learning05", "prepare\Learning05\Learning05.csproj", "{80C1440D-CF0D-44BB-B97D-A7E8520410FB}"
EndProject
Project("{2150E333-8FDC-42A3-9474-1A3956D46DE8}") = "prove", "prove", "{78303173-A64C-4B4F-B432-3885B74AB9BB}"
EndProject
Project("{9A19103F-16F7-4668-BE54-9A1E7A4F7556}") = "Develop02", "prove\Develop02\Develop02.csproj", "{5C79E9BD-0CB9-435C-98A9-DC8D0B2848FC}"
EndProject
Project("{9A19103F-16F7-4668-BE54-9A1E7A4F7556}") = "Develop03", "prove\Develop03\Develop03.csproj", "{BAE87BCE-3BFB-42FE-AA4D-97C1C98C35AE}"
EndProject
Project("{9A19103F-16F7-4668-BE54-9A1E7A4F7556}") = "Develop04", "prove\Develop04\Develop04.csproj", "{75959523-E32A-4B8E-9694-99447BE0DD73}"
EndProject
Project("{9A19103F-16F7-4668-BE54-9A1E7A4F7556}") = "Develop05", "prove\Develop05\Develop05.csproj", "{211BB8AF-C48E-4946-AE5A-CA26AB856052}"
EndProject
Project("{2150E333-8FDC-42A3-9474-1A3956D46DE8}") = "sandbox", "sandbox", "{E1B38234-A540-480C-8CD9-7D34B6250FFD}"
EndProject
Project("{9A19103F-16F7-4668-BE54-9A1E7A4F7556}") = "Sandbox", "sandbox\Sandbox\Sandbox.csproj", "{78DD5EA4-EE6C-4B44-8AEE-C535A7A96F36}"
EndProject
Global
	GlobalSection(SolutionConfigurationPlatforms) = preSolution
		Debug|Any CPU = Debug|Any CPU
		Release|Any CPU = Release|Any CPU
	EndGlobalSection
	GlobalSection(ProjectConfigurationPlatforms) = postSolution
		{8207D987-D293-4118-A311-E038A3201A09}.Debug|Any CPU.ActiveCfg = Debug|Any CPU
		{8207D987-D293-4118-A311-E038A3201A09}.Debug|Any CPU.Build.0 = Debug|Any CPU
		{8207D987-D293-4118-A311-E038A3201A09}.Release|Any CPU.ActiveCfg = Release|Any CPU
		{8207D987-D293-4118-A311-E038A3201A09}.Release|Any CPU.Build.0 = Release|Any CPU
		{8BC13AAF-6E27-4963-BC66-556662E591FA}.Debug|Any CPU.ActiveCfg = Debug|Any CPU
		{8BC13AAF-6E27-4963-BC66-556662E591FA}.Debug|Any CPU.Build.0 = Debug|Any CPU
		{8BC13AAF-6E27-4963-BC66-556662E591FA}.Release|Any CPU.ActiveCfg = Release|Any CPU
		{8BC13AAF-6E27-4963-BC66-556662E591FA}.Release|Any CPU.Build.0 = Release|Any CPU
		{4B97B4A6-C007-477C-9124-19796919A8A1}.Debug|Any CPU.ActiveCfg = Debug|Any CPU
		{4B97B4A6-C007-477C-9124-19796919A8A1}.Debug|Any CPU.Build.0 = Debug|Any CPU
		{4B97B4A6-C007-477C-9124-19796919A8A1}.Release|Any CPU.ActiveCfg = Release|Any CPU
		{4B97B4A6-C007-477C-9124-19796919A8A1}.Release|Any CPU.Build.0 = Release|Any CPU
		{AE184AE2-8AE2-4EE5-9349-1DDA8FA4246A}.Debug|Any CPU.ActiveCfg = Debug|Any CPU
		{AE184AE2-8AE2-4EE5-9349-1DDA8FA4246A}.Debug|Any CPU.Build.0 = Debug|Any CPU
		{AE184AE2-8AE2-4EE5-9349-1DDA8FA4246A}.Release|Any CPU.ActiveCfg = Release|Any CPU
		{AE184AE2-8AE2-4EE5-9349-1DDA8FA4246A}.Release|Any CPU.Build.0 = Release|Any CPU
		{01BC767F-B2BA-4E7F-A002-5E483EEB053C}.Debug|Any CPU.ActiveCfg = Debug|Any CPU
		{01BC767F-B2BA-4E7F-A002-5E483EEB053C}.Debug|Any CPU.Build.0 = Debug|Any CPU
		{01BC767F-B2BA-4E7F-A002-5E483EEB053C}.Release|Any CPU.ActiveCfg = Release|Any CPU
		{01BC767F-B2BA-4E7F-A002-5E483EEB053C}.Release|Any CPU.Build.0 = Release|Any CPU
		{0BB60689-372D-4C2C-A664-13C215D7AFB7}.Debug|Any CPU.ActiveCfg = Debug|Any CPU
		{0BB60689-372D-4C2C-A664-13C215D7AFB7}.Debug|Any CPU.Build.0 = Debug|Any CPU
		{0BB60689-372D-4C2C-A664-13C215D7AFB7}.Release|Any CPU.ActiveCfg = Release|Any CPU
		{0BB60689-372D-4C2C-A664-13C215D7AFB7}.Release|Any CPU.Build.0 = Release|Any CPU
		{75B2D81F-83E8-432F-9E34-2FE3F638016E}.Debug|Any CPU.ActiveCfg = Debug|Any CPU
		{75B2D81F-83E8-432F-9E34-2FE3F638016E}.Debug|Any CPU.Build.0 = Debug|Any CPU
		{75B2D81F-83E8-432F-9E34-2FE3F638016E}.Release|Any CPU.ActiveCfg = Release|Any CPU
		{75B2D81F-83E8-432F-9E34-2FE3F638016E}.Release|Any CPU.Build.0 = Release|Any CPU
		{1412EF92-3CF0-4475-BF2D-BA177486AFA6}.Debug|Any CPU.ActiveCfg = Debug|Any CPU
		{1412EF92-3CF0-4475-BF2D-BA177486AFA6}.Debug|Any CPU.Build.0 = Debug|Any CPU
		{1412EF92-3CF0-4475-BF2D-BA177486AFA6}.Release|Any CPU.ActiveCfg = Release|Any CPU
		{1412EF92-3CF0-4475-BF2D-BA177486AFA6}.Release|Any CPU.Build.0 = Release|Any CPU
		{2E0D426F-291C-4696-9260-EE32B5A508BC}.Debug|Any CPU.ActiveCfg = Debug|Any CPU
		{2E0D426F-291C-4696-9260-EE32B5A508BC}.Debug|Any CPU.Build.0 = Debug|Any CPU
		{2E0D426F-291C-4696-9260-EE32B5A508BC}.Release|Any CPU.ActiveCfg = Release|Any CPU
		{2E0D426F-291C-4696-9260-EE32B5A508BC}.Release|Any CPU.Build.0 = Release|Any CPU
		{7C37CE77-D0F0-4FD7-8C36-CDB0B8EA2197}.Debug|Any CPU.ActiveCfg = Debug|Any CPU
		{7C37CE77-D0F0-4FD7-8C36-CDB0B8EA2197}.Debug|Any CPU.Build.0 = Debug|Any CPU
		{7C37CE77-D0F0-4FD7-8C36-CDB0B8EA2197}.Release|Any CPU.ActiveCfg = Release|Any CPU
		{7C37CE77-D0F0-4FD7-8C36-CDB0B8EA2197}.Release|Any CPU.Build.0 = Release|Any CPU
		{BC1A8B9D-BEA2-47E0-91C9-163464124C4C}.Debug|Any CPU.ActiveCfg = Debug|Any CPU
		{BC1A8B9D-BEA2-47E0-91C9-163464124C4C}.Debug|Any CPU.Build.0 = Debug|Any CPU
		{BC1A8B9D-BEA2-47E0-91C9-163464124C4C}.Release|Any CPU.ActiveCfg = Release|Any CPU
		{BC1A8B9D-BEA2-47E0-91C9-163464124C4C}.Release|Any CPU.Build.0 = Release|Any CPU
		{9FA20E1A-8413-4667-BFF0-B504F28F3B1B}.Debug|Any CPU.ActiveCfg = Debug|Any CPU
		{9FA20E1A-8413-4667-BFF0-B504F28F3B1B}.Debug|Any CPU.Build.0 = Debug|Any CPU
		{9FA20E1A-8413-4667-BFF0-B504F28F3B1B}.Release|Any CPU.ActiveCfg = Release|Any CPU
		{9FA20E1A-8413-4667-BFF0-B504F28F3B1B}.Release|Any CPU.Build.0 = Release|Any CPU
		{A3D65D2C-C857-49D9-8B79-48DA64D8CAFB}.Debug|Any CPU.ActiveCfg = Debug|Any CPU
		{A3D65D2C-C857-49D9-8B79-48DA64D8CAFB}.Debug|Any CPU.Build.0 = Debug|Any CPU
		{A3D65D2C-C857-49D9-8B79-48DA64D8CAFB}.Release|Any CPU.ActiveCfg = Release|Any CPU
		{A3D65D2C-C857-49D9-8B79-48DA64D8CAFB}.Release|Any CPU.Build.0 = Release|Any CPU
		{80C1440D-CF0D-44BB-B97D-A7E8520410FB}.Debug|Any CPU.ActiveCfg = Debug|Any CPU
		{80C1440D-CF0D-44BB-B97D-A7E8520410FB}.Debug|Any CPU.Build.0 = Debug|Any CPU
		{80C1440D-CF0D-44BB-B97D-A7E8520410FB}.Release|Any CPU.ActiveCfg = Release|Any CPU
		{80C1440D-CF0D-44BB-B97D-A7E8520410FB}.Release|Any CPU.Build.0 = Release|Any CPU
		{5C79E9BD-0CB9-435C-98A9-DC8D0B2848FC}.Debug|Any CPU.ActiveCfg = Debug|Any CPU
		{5C79E9BD-0CB9-435C-98A9-DC8D0B2848FC}.Debug|Any CPU.Build.0 = Debug|Any CPU
		{5C79E9BD-0CB9-435C-98A9-DC8D0B2848FC}.Release|Any CPU.ActiveCfg = Release|Any CPU
		{5C79E9BD-0CB9-435C-98A9-DC8D0B2848FC}.Release|Any CPU.Build.0 = Release|Any CPU
		{BAE87BCE-3BFB-42FE-AA4D-97C1C98C35AE}.Debug|Any CPU.ActiveCfg = Debug|Any CPU
		{BAE87BCE-3BFB-42FE-AA4D-97C1C98C35AE}.Debug|Any CPU.Build.0 = Debug|Any CPU
		{BAE87BCE-3BFB-42FE-AA4D-97C1C98C35AE}.Release|Any CPU.ActiveCfg = Release|Any CPU
		{BAE87BCE-3BFB-42FE-AA4D-97C1C98C35AE}.Release|Any CPU.Build.0 = Release|Any CPU
		{75959523-E32A-4B8E-9694-99447BE0DD73}.Debug|Any CPU.ActiveCfg = Debug|Any CPU
		{75959523-E32A-4B8E-9694-99447BE0DD73}.Debug|Any CPU.Build.0 = Debug|Any CPU
		{75959523-E32A-4B8E-9694-99447BE0DD73}.Release|Any CPU.ActiveCfg = Release|Any CPU
		{75959523-E32A-4B8E-9694-99447BE0DD73}.Release|Any CPU.Build.0 = Release|Any CPU
		{211BB8AF-C48E-4946-AE5A-CA26AB856052}.Debug|Any CPU.ActiveCfg = Debug|Any CPU
		{211BB8AF-C48E-4946-AE5A-CA26AB856052}.Debug|Any CPU.Build.0 = Debug|Any CPU
		{211BB8AF-C48E-4946-AE5A-CA26AB856052}.Release|Any CPU.ActiveCfg = Release|Any CPU
		{211BB8AF-C48E-4946-AE5A-CA26AB856052}.Release|Any CPU.Build.0 = Release|Any CPU
		{78DD5EA4-EE6C-4B44-8AEE-C535A7A96F36}.Debug|Any CPU.ActiveCfg = Debug|Any CPU
		{78DD5EA4-EE6C-4B44-8AEE-C535A7A96F36}.Debug|Any CPU.Build.0 = Debug|Any CPU
		{78DD5EA4-EE6C-4B44-8AEE-C535A7A96F36}.Release|Any CPU.ActiveCfg = Release|Any CPU
		{78DD5EA4-EE6C-4B44-8AEE-C535A7A96F36}.Release|Any CPU.Build.0 = Release|Any CPU
	EndGlobalSection
	GlobalSection(SolutionProperties) = preSolution
		HideSolutionNode = FALSE
	EndGlobalSection
	GlobalSection(NestedProjects) = preSolution
		{8207D987-D293-4118-A311-E038A3201A09} = {2E662EF3-6DD0-43A6-9210-5F9EB593E3FE}
		{8BC13AAF-6E27-4963-BC66-556662E591FA} = {2E662EF3-6DD0-43A6-9210-5F9EB593E3FE}
		{4B97B4A6-C007-477C-9124-19796919A8A1} = {2E662EF3-6DD0-43A6-9210-5F9EB593E3FE}
		{AE184AE2-8AE2-4EE5-9349-1DDA8FA4246A} = {2E662EF3-6DD0-43A6-9210-5F9EB593E3FE}
		{01BC767F-B2BA-4E7F-A002-5E483EEB053C} = {2E662EF3-6DD0-43A6-9210-5F9EB593E3FE}
		{0BB60689-372D-4C2C-A664-13C215D7AFB7} = {2569B018-6FDF-4297-97A2-358999AB7309}
		{75B2D81F-83E8-432F-9E34-2FE3F638016E} = {2569B018-6FDF-4297-97A2-358999AB7309}
		{1412EF92-3CF0-4475-BF2D-BA177486AFA6} = {2569B018-6FDF-4297-97A2-358999AB7309}
		{2E0D426F-291C-4696-9260-EE32B5A508BC} = {2569B018-6FDF-4297-97A2-358999AB7309}
		{7C37CE77-D0F0-4FD7-8C36-CDB0B8EA2197} = {2569B018-6FDF-4297-97A2-358999AB7309}
		{BC1A8B9D-BEA2-47E0-91C9-163464124C4C} = {DF2CD49C-D1E3-4F88-9BB5-AD6FF3150759}
		{9FA20E1A-8413-4667-BFF0-B504F28F3B1B} = {DF2CD49C-D1E3-4F88-9BB5-AD6FF3150759}
		{A3D65D2C-C857-49D9-8B79-48DA64D8CAFB} = {DF2CD49C-D1E3-4F88-9BB5-AD6FF3150759}
		{80C1440D-CF0D-44BB-B97D-A7E8520410FB} = {DF2CD49C-D1E3-4F88-9BB5-AD6FF3150759}
		{5C79E9BD-0CB9-435C-98A9-DC8D0B2848FC} = {78303173-A64C-4B4F-B432-3885B74AB9BB}
		{BAE87BCE-3BFB-42FE-AA4D-97C1C98C35AE} = {78303173-A64C-4B4F-B432-3885B74AB9BB}
		{75959523-E32A-4B8E-9694-99447BE0DD73} = {78303173-A64C-4B4F-B432-3885B74AB9BB}
		{211BB8AF-C48E-4946-AE5A-CA26AB856052} = {78303173-A64C-4B4F-B432-3885B74AB9BB}
		{78DD5EA4-EE6C-4B44-8AEE-C535A7A96F36} = {E1B38234-A540-480C-8CD9-7D34B6250FFD}
	EndGlobalSection
	GlobalSection(ExtensibilityGlobals) = postSolution
		SolutionGuid = {2623B050-9542-4ACB-93B7-50E22C868962}
	EndGlobalSection
EndGlobal
